
Microsoft Visual Studio Solution File, Format Version 12.00
# Visual Studio 15
VisualStudioVersion = 15.0.27130.2026
MinimumVisualStudioVersion = 10.0.40219.1
Project("{FAE04EC0-301F-11D3-BF4B-00C04F79EFBC}") = "bruteforcehelloworld", "bruteforcehelloworld\bruteforcehelloworld.csproj", "{86297392-6625-42FE-86AE-D3FB61E177C3}"
EndProject
Global
	GlobalSection(SolutionConfigurationPlatforms) = preSolution
		Debug|Any CPU = Debug|Any CPU
		Release|Any CPU = Release|Any CPU
	EndGlobalSection
	GlobalSection(ProjectConfigurationPlatforms) = postSolution
		{86297392-6625-42FE-86AE-D3FB61E177C3}.Debug|Any CPU.ActiveCfg = Debug|Any CPU
		{86297392-6625-42FE-86AE-D3FB61E177C3}.Debug|Any CPU.Build.0 = Debug|Any CPU
		{86297392-6625-42FE-86AE-D3FB61E177C3}.Release|Any CPU.ActiveCfg = Release|Any CPU
		{86297392-6625-42FE-86AE-D3FB61E177C3}.Release|Any CPU.Build.0 = Release|Any CPU
	EndGlobalSection
	GlobalSection(SolutionProperties) = preSolution
		HideSolutionNode = FALSE
	EndGlobalSection
	GlobalSection(ExtensibilityGlobals) = postSolution
		SolutionGuid = {F5AA6CB4-9606-4229-8177-39FC6DD89525}
	EndGlobalSection
EndGlobal
